# THIS IS AN AUTOGENERATED FILE. DO NOT EDIT THIS FILE DIRECTLY.
# yarn lockfile v1


"@now/node@^1.3.0":
  version "1.3.0"
  resolved "https://registry.yarnpkg.com/@now/node/-/node-1.3.0.tgz#9fe614114a4207600820d9c3398f51e7297c4d9b"
  integrity sha512-tkEKrxSh7XMx6HmN6j55HfuJKZ+DzlxWP0Xg728Oe2qXyxpvfDhQFYNyRzU7kN9UaGXJ+MAL5zQ8p3dqCQxMnA==
  dependencies:
    "@types/node" "*"

"@types/node@*":
  version "13.1.1"
  resolved "https://registry.yarnpkg.com/@types/node/-/node-13.1.1.tgz#6d11a8c2d58405b3db9388ab740106cbfa64c3c9"
  integrity sha512-hx6zWtudh3Arsbl3cXay+JnkvVgCKzCWKv42C9J01N2T2np4h8w5X8u6Tpz5mj38kE3M9FM0Pazx8vKFFMnjLQ==

now@16.7.0:
  version "16.7.0"
  resolved "https://registry.yarnpkg.com/now/-/now-16.7.0.tgz#4a1f1588410e7cbe9ca8d2c3fdcdc61e7116e8cc"
  integrity sha512-YUMFYphAxcLE441/o2h55QgtXerF3M0GlQgy7ihJhPcz6OsllCqGgxaN5/XgnAJOlgKCW84HxSB8ZzCY55H4lQ==

swagger-ui-dist@^3.25.0:
  version "3.25.0"
  resolved "https://registry.yarnpkg.com/swagger-ui-dist/-/swagger-ui-dist-3.25.0.tgz#90279cdcc56e591fcfbe7b5240a9d653b989336d"
  integrity sha512-vwvJPPbdooTvDwLGzjIXinOXizDJJ6U1hxnJL3y6U3aL1d2MSXDmKg2139XaLBhsVZdnQJV2bOkX4reB+RXamg==
